# This file was autogenerated by Stack.
# You should not edit this file by hand.
# For more information, please see the documentation at:
#   https://docs.haskellstack.org/en/stable/lock_files

packages:
- completed:
    commit: 3af6af39089721d250d8f51e451a11ba523106cb
    git: https://github.com/someodd/venusia.git
    name: Venusia
    pantry-tree:
      sha256: 4a6603a84526d791fc9109eae51a5ba08d856f1d1b1d8153a0980d1b35e90d18
      size: 818
    version: 0.1.0.0
  original:
    commit: 3af6af39089721d250d8f51e451a11ba523106cb
    git: https://github.com/someodd/venusia.git
snapshots:
- completed:
    sha256: f51b4cbfe8a6df42815e203f842085528698989ea81f7c82667451ad955b1819
    size: 680576
    url: https://raw.githubusercontent.com/commercialhaskell/stackage-snapshots/master/lts/23/11.yaml
  original:
    url: https://raw.githubusercontent.com/commercialhaskell/stackage-snapshots/master/lts/23/11.yaml
