# This file was autogenerated by Stack.
# You should not edit this file by hand.
# For more information, please see the documentation at:
#   https://docs.haskellstack.org/en/stable/lock_files

packages:
- completed:
    commit: e67871163ba2c87b690fc12588f1be474337430e
    git: https://github.com/someodd/venusia.git
    name: Venusia
    pantry-tree:
      sha256: 373ad203abc35c1549773fcabe219257a857e4c157894c763eb5f2764c691846
      size: 818
    version: 0.1.0.0
  original:
    commit: e67871163ba2c87b690fc12588f1be474337430e
    git: https://github.com/someodd/venusia.git
snapshots:
- completed:
    sha256: 08bd13ce621b41a8f5e51456b38d5b46d7783ce114a50ab604d6bbab0d002146
    size: 720271
    url: https://raw.githubusercontent.com/commercialhaskell/stackage-snapshots/master/lts/22/43.yaml
  original: lts-22.43
